// !$*UTF8*$!
{
	archiveVersion = 1;
	classes = {
	};
	objectVersion = 46;
	objects = {

/* Begin PBXBuildFile section */
		9F9E1F8419885FE9009CE99B /* AppDelegate.swift in Sources */ = {isa = PBXBuildFile; fileRef = 9F9E1F8319885FE9009CE99B /* AppDelegate.swift */; };
		9F9E1F8619885FE9009CE99B /* ViewController.swift in Sources */ = {isa = PBXBuildFile; fileRef = 9F9E1F8519885FE9009CE99B /* ViewController.swift */; };
		9F9E1F8919885FE9009CE99B /* Main.storyboard in Resources */ = {isa = PBXBuildFile; fileRef = 9F9E1F8719885FE9009CE99B /* Main.storyboard */; };
		9F9E1F8B19885FE9009CE99B /* Images.xcassets in Resources */ = {isa = PBXBuildFile; fileRef = 9F9E1F8A19885FE9009CE99B /* Images.xcassets */; };
		9F9E1F9719885FEA009CE99B /* generateCpfCnpjTests.swift in Sources */ = {isa = PBXBuildFile; fileRef = 9F9E1F9619885FEA009CE99B /* generateCpfCnpjTests.swift */; };
/* End PBXBuildFile section */

/* Begin PBXContainerItemProxy section */
		9F9E1F9119885FEA009CE99B /* PBXContainerItemProxy */ = {
			isa = PBXContainerItemProxy;
			containerPortal = 9F9E1F7619885FE9009CE99B /* Project object */;
			proxyType = 1;
			remoteGlobalIDString = 9F9E1F7D19885FE9009CE99B;
			remoteInfo = generateCpfCnpj;
		};
/* End PBXContainerItemProxy section */

/* Begin PBXFileReference section */
		9F9E1F7E19885FE9009CE99B /* generateCpfCnpj.app */ = {isa = PBXFileReference; explicitFileType = wrapper.application; includeInIndex = 0; path = generateCpfCnpj.app; sourceTree = BUILT_PRODUCTS_DIR; };
		9F9E1F8219885FE9009CE99B /* Info.plist */ = {isa = PBXFileReference; lastKnownFileType = text.plist.xml; path = Info.plist; sourceTree = "<group>"; };
		9F9E1F8319885FE9009CE99B /* AppDelegate.swift */ = {isa = PBXFileReference; lastKnownFileType = sourcecode.swift; path = AppDelegate.swift; sourceTree = "<group>"; };
		9F9E1F8519885FE9009CE99B /* ViewController.swift */ = {isa = PBXFileReference; lastKnownFileType = sourcecode.swift; path = ViewController.swift; sourceTree = "<group>"; };
		9F9E1F8819885FE9009CE99B /* Base */ = {isa = PBXFileReference; lastKnownFileType = file.storyboard; name = Base; path = Base.lproj/Main.storyboard; sourceTree = "<group>"; };
		9F9E1F8A19885FE9009CE99B /* Images.xcassets */ = {isa = PBXFileReference; lastKnownFileType = folder.assetcatalog; path = Images.xcassets; sourceTree = "<group>"; };
		9F9E1F9019885FEA009CE99B /* generateCpfCnpjTests.xctest */ = {isa = PBXFileReference; explicitFileType = wrapper.cfbundle; includeInIndex = 0; path = generateCpfCnpjTests.xctest; sourceTree = BUILT_PRODUCTS_DIR; };
		9F9E1F9519885FEA009CE99B /* Info.plist */ = {isa = PBXFileReference; lastKnownFileType = text.plist.xml; path = Info.plist; sourceTree = "<group>"; };
		9F9E1F9619885FEA009CE99B /* generateCpfCnpjTests.swift */ = {isa = PBXFileReference; lastKnownFileType = sourcecode.swift; path = generateCpfCnpjTests.swift; sourceTree = "<group>"; };
/* End PBXFileReference section */

/* Begin PBXFrameworksBuildPhase section */
		9F9E1F7B19885FE9009CE99B /* Frameworks */ = {
			isa = PBXFrameworksBuildPhase;
			buildActionMask = 2147483647;
			files = (
			);
			runOnlyForDeploymentPostprocessing = 0;
		};
		9F9E1F8D19885FEA009CE99B /* Frameworks */ = {
			isa = PBXFrameworksBuildPhase;
			buildActionMask = 2147483647;
			files = (
			);
			runOnlyForDeploymentPostprocessing = 0;
		};
/* End PBXFrameworksBuildPhase section */

/* Begin PBXGroup section */
		9F9E1F7519885FE9009CE99B = {
			isa = PBXGroup;
			children = (
				9F9E1F8019885FE9009CE99B /* generateCpfCnpj */,
				9F9E1F9319885FEA009CE99B /* generateCpfCnpjTests */,
				9F9E1F7F19885FE9009CE99B /* Products */,
			);
			sourceTree = "<group>";
		};
		9F9E1F7F19885FE9009CE99B /* Products */ = {
			isa = PBXGroup;
			children = (
				9F9E1F7E19885FE9009CE99B /* generateCpfCnpj.app */,
				9F9E1F9019885FEA009CE99B /* generateCpfCnpjTests.xctest */,
			);
			name = Products;
			sourceTree = "<group>";
		};
		9F9E1F8019885FE9009CE99B /* generateCpfCnpj */ = {
			isa = PBXGroup;
			children = (
				9F9E1F8319885FE9009CE99B /* AppDelegate.swift */,
				9F9E1F8519885FE9009CE99B /* ViewController.swift */,
				9F9E1F8719885FE9009CE99B /* Main.storyboard */,
				9F9E1F8A19885FE9009CE99B /* Images.xcassets */,
				9F9E1F8119885FE9009CE99B /* Supporting Files */,
			);
			path = generateCpfCnpj;
			sourceTree = "<group>";
		};
		9F9E1F8119885FE9009CE99B /* Supporting Files */ = {
			isa = PBXGroup;
			children = (
				9F9E1F8219885FE9009CE99B /* Info.plist */,
			);
			name = "Supporting Files";
			sourceTree = "<group>";
		};
		9F9E1F9319885FEA009CE99B /* generateCpfCnpjTests */ = {
			isa = PBXGroup;
			children = (
				9F9E1F9619885FEA009CE99B /* generateCpfCnpjTests.swift */,
				9F9E1F9419885FEA009CE99B /* Supporting Files */,
			);
			path = generateCpfCnpjTests;
			sourceTree = "<group>";
		};
		9F9E1F9419885FEA009CE99B /* Supporting Files */ = {
			isa = PBXGroup;
			children = (
				9F9E1F9519885FEA009CE99B /* Info.plist */,
			);
			name = "Supporting Files";
			sourceTree = "<group>";
		};
/* End PBXGroup section */

/* Begin PBXNativeTarget section */
		9F9E1F7D19885FE9009CE99B /* generateCpfCnpj */ = {
			isa = PBXNativeTarget;
			buildConfigurationList = 9F9E1F9A19885FEA009CE99B /* Build configuration list for PBXNativeTarget "generateCpfCnpj" */;
			buildPhases = (
				9F9E1F7A19885FE9009CE99B /* Sources */,
				9F9E1F7B19885FE9009CE99B /* Frameworks */,
				9F9E1F7C19885FE9009CE99B /* Resources */,
			);
			buildRules = (
			);
			dependencies = (
			);
			name = generateCpfCnpj;
			productName = generateCpfCnpj;
			productReference = 9F9E1F7E19885FE9009CE99B /* generateCpfCnpj.app */;
			productType = "com.apple.product-type.application";
		};
		9F9E1F8F19885FEA009CE99B /* generateCpfCnpjTests */ = {
			isa = PBXNativeTarget;
			buildConfigurationList = 9F9E1F9D19885FEA009CE99B /* Build configuration list for PBXNativeTarget "generateCpfCnpjTests" */;
			buildPhases = (
				9F9E1F8C19885FEA009CE99B /* Sources */,
				9F9E1F8D19885FEA009CE99B /* Frameworks */,
				9F9E1F8E19885FEA009CE99B /* Resources */,
			);
			buildRules = (
			);
			dependencies = (
				9F9E1F9219885FEA009CE99B /* PBXTargetDependency */,
			);
			name = generateCpfCnpjTests;
			productName = generateCpfCnpjTests;
			productReference = 9F9E1F9019885FEA009CE99B /* generateCpfCnpjTests.xctest */;
			productType = "com.apple.product-type.bundle.unit-test";
		};
/* End PBXNativeTarget section */

/* Begin PBXProject section */
		9F9E1F7619885FE9009CE99B /* Project object */ = {
			isa = PBXProject;
			attributes = {
				LastUpgradeCheck = 0600;
				ORGANIZATIONNAME = "Danilo Carvalho";
				TargetAttributes = {
					9F9E1F7D19885FE9009CE99B = {
						CreatedOnToolsVersion = 6.0;
					};
					9F9E1F8F19885FEA009CE99B = {
						CreatedOnToolsVersion = 6.0;
						TestTargetID = 9F9E1F7D19885FE9009CE99B;
					};
				};
			};
			buildConfigurationList = 9F9E1F7919885FE9009CE99B /* Build configuration list for PBXProject "generateCpfCnpj" */;
			compatibilityVersion = "Xcode 3.2";
			developmentRegion = English;
			hasScannedForEncodings = 0;
			knownRegions = (
				en,
				Base,
			);
			mainGroup = 9F9E1F7519885FE9009CE99B;
			productRefGroup = 9F9E1F7F19885FE9009CE99B /* Products */;
			projectDirPath = "";
			projectRoot = "";
			targets = (
				9F9E1F7D19885FE9009CE99B /* generateCpfCnpj */,
				9F9E1F8F19885FEA009CE99B /* generateCpfCnpjTests */,
			);
		};
/* End PBXProject section */

/* Begin PBXResourcesBuildPhase section */
		9F9E1F7C19885FE9009CE99B /* Resources */ = {
			isa = PBXResourcesBuildPhase;
			buildActionMask = 2147483647;
			files = (
				9F9E1F8919885FE9009CE99B /* Main.storyboard in Resources */,
				9F9E1F8B19885FE9009CE99B /* Images.xcassets in Resources */,
			);
			runOnlyForDeploymentPostprocessing = 0;
		};
		9F9E1F8E19885FEA009CE99B /* Resources */ = {
			isa = PBXResourcesBuildPhase;
			buildActionMask = 2147483647;
			files = (
			);
			runOnlyForDeploymentPostprocessing = 0;
		};
/* End PBXResourcesBuildPhase section */

/* Begin PBXSourcesBuildPhase section */
		9F9E1F7A19885FE9009CE99B /* Sources */ = {
			isa = PBXSourcesBuildPhase;
			buildActionMask = 2147483647;
			files = (
				9F9E1F8619885FE9009CE99B /* ViewController.swift in Sources */,
				9F9E1F8419885FE9009CE99B /* AppDelegate.swift in Sources */,
			);
			runOnlyForDeploymentPostprocessing = 0;
		};
		9F9E1F8C19885FEA009CE99B /* Sources */ = {
			isa = PBXSourcesBuildPhase;
			buildActionMask = 2147483647;
			files = (
				9F9E1F9719885FEA009CE99B /* generateCpfCnpjTests.swift in Sources */,
			);
			runOnlyForDeploymentPostprocessing = 0;
		};
/* End PBXSourcesBuildPhase section */

/* Begin PBXTargetDependency section */
		9F9E1F9219885FEA009CE99B /* PBXTargetDependency */ = {
			isa = PBXTargetDependency;
			target = 9F9E1F7D19885FE9009CE99B /* generateCpfCnpj */;
			targetProxy = 9F9E1F9119885FEA009CE99B /* PBXContainerItemProxy */;
		};
/* End PBXTargetDependency section */

/* Begin PBXVariantGroup section */
		9F9E1F8719885FE9009CE99B /* Main.storyboard */ = {
			isa = PBXVariantGroup;
			children = (
				9F9E1F8819885FE9009CE99B /* Base */,
			);
			name = Main.storyboard;
			sourceTree = "<group>";
		};
/* End PBXVariantGroup section */

/* Begin XCBuildConfiguration section */
		9F9E1F9819885FEA009CE99B /* Debug */ = {
			isa = XCBuildConfiguration;
			buildSettings = {
				ALWAYS_SEARCH_USER_PATHS = NO;
				CLANG_CXX_LANGUAGE_STANDARD = "gnu++0x";
				CLANG_CXX_LIBRARY = "libc++";
				CLANG_ENABLE_MODULES = YES;
				CLANG_ENABLE_OBJC_ARC = YES;
				CLANG_WARN_BOOL_CONVERSION = YES;
				CLANG_WARN_CONSTANT_CONVERSION = YES;
				CLANG_WARN_DIRECT_OBJC_ISA_USAGE = YES_ERROR;
				CLANG_WARN_EMPTY_BODY = YES;
				CLANG_WARN_ENUM_CONVERSION = YES;
				CLANG_WARN_INT_CONVERSION = YES;
				CLANG_WARN_OBJC_ROOT_CLASS = YES_ERROR;
				CLANG_WARN_UNREACHABLE_CODE = YES;
				CLANG_WARN__DUPLICATE_METHOD_MATCH = YES;
				"CODE_SIGN_IDENTITY[sdk=iphoneos*]" = "iPhone Developer";
				COPY_PHASE_STRIP = NO;
				ENABLE_STRICT_OBJC_MSGSEND = YES;
				GCC_C_LANGUAGE_STANDARD = gnu99;
				GCC_DYNAMIC_NO_PIC = NO;
				GCC_OPTIMIZATION_LEVEL = 0;
				GCC_PREPROCESSOR_DEFINITIONS = (
					"DEBUG=1",
					"$(inherited)",
				);
				GCC_SYMBOLS_PRIVATE_EXTERN = NO;
				GCC_WARN_64_TO_32_BIT_CONVERSION = YES;
				GCC_WARN_ABOUT_RETURN_TYPE = YES_ERROR;
				GCC_WARN_UNDECLARED_SELECTOR = YES;
				GCC_WARN_UNINITIALIZED_AUTOS = YES_AGGRESSIVE;
				GCC_WARN_UNUSED_FUNCTION = YES;
				GCC_WARN_UNUSED_VARIABLE = YES;
				IPHONEOS_DEPLOYMENT_TARGET = 8.0;
				MTL_ENABLE_DEBUG_INFO = YES;
				ONLY_ACTIVE_ARCH = YES;
				SDKROOT = iphoneos;
				SWIFT_OPTIMIZATION_LEVEL = "-Onone";
				TARGETED_DEVICE_FAMILY = "1,2";
			};
			name = Debug;
		};
		9F9E1F9919885FEA009CE99B /* Release */ = {
			isa = XCBuildConfiguration;
			buildSettings = {
				ALWAYS_SEARCH_USER_PATHS = NO;
				CLANG_CXX_LANGUAGE_STANDARD = "gnu++0x";
				CLANG_CXX_LIBRARY = "libc++";
				CLANG_ENABLE_MODULES = YES;
				CLANG_ENABLE_OBJC_ARC = YES;
				CLANG_WARN_BOOL_CONVERSION = YES;
				CLANG_WARN_CONSTANT_CONVERSION = YES;
				CLANG_WARN_DIRECT_OBJC_ISA_USAGE = YES_ERROR;
				CLANG_WARN_EMPTY_BODY = YES;
				CLANG_WARN_ENUM_CONVERSION = YES;
				CLANG_WARN_INT_CONVERSION = YES;
				CLANG_WARN_OBJC_ROOT_CLASS = YES_ERROR;
				CLANG_WARN_UNREACHABLE_CODE = YES;
				CLANG_WARN__DUPLICATE_METHOD_MATCH = YES;
				"CODE_SIGN_IDENTITY[sdk=iphoneos*]" = "iPhone Developer";
				COPY_PHASE_STRIP = YES;
				ENABLE_NS_ASSERTIONS = NO;
				ENABLE_STRICT_OBJC_MSGSEND = YES;
				GCC_C_LANGUAGE_STANDARD = gnu99;
				GCC_WARN_64_TO_32_BIT_CONVERSION = YES;
				GCC_WARN_ABOUT_RETURN_TYPE = YES_ERROR;
				GCC_WARN_UNDECLARED_SELECTOR = YES;
				GCC_WARN_UNINITIALIZED_AUTOS = YES_AGGRESSIVE;
				GCC_WARN_UNUSED_FUNCTION = YES;
				GCC_WARN_UNUSED_VARIABLE = YES;
				IPHONEOS_DEPLOYMENT_TARGET = 8.0;
				MTL_ENABLE_DEBUG_INFO = NO;
				SDKROOT = iphoneos;
				TARGETED_DEVICE_FAMILY = "1,2";
				VALIDATE_PRODUCT = YES;
			};
			name = Release;
		};
		9F9E1F9B19885FEA009CE99B /* Debug */ = {
			isa = XCBuildConfiguration;
			buildSettings = {
				ASSETCATALOG_COMPILER_APPICON_NAME = AppIcon;
				ASSETCATALOG_COMPILER_LAUNCHIMAGE_NAME = LaunchImage;
				INFOPLIST_FILE = generateCpfCnpj/Info.plist;
				LD_RUNPATH_SEARCH_PATHS = "$(inherited) @executable_path/Frameworks";
				PRODUCT_NAME = "$(TARGET_NAME)";
			};
			name = Debug;
		};
		9F9E1F9C19885FEA009CE99B /* Release */ = {
			isa = XCBuildConfiguration;
			buildSettings = {
				ASSETCATALOG_COMPILER_APPICON_NAME = AppIcon;
				ASSETCATALOG_COMPILER_LAUNCHIMAGE_NAME = LaunchImage;
				INFOPLIST_FILE = generateCpfCnpj/Info.plist;
				LD_RUNPATH_SEARCH_PATHS = "$(inherited) @executable_path/Frameworks";
				PRODUCT_NAME = "$(TARGET_NAME)";
			};
			name = Release;
		};
		9F9E1F9E19885FEA009CE99B /* Debug */ = {
			isa = XCBuildConfiguration;
			buildSettings = {
				BUNDLE_LOADER = "$(BUILT_PRODUCTS_DIR)/generateCpfCnpj.app/generateCpfCnpj";
				FRAMEWORK_SEARCH_PATHS = (
					"$(SDKROOT)/Developer/Library/Frameworks",
					"$(inherited)",
				);
				GCC_PREPROCESSOR_DEFINITIONS = (
					"DEBUG=1",
					"$(inherited)",
				);
				INFOPLIST_FILE = generateCpfCnpjTests/Info.plist;
				LD_RUNPATH_SEARCH_PATHS = "$(inherited) @executable_path/Frameworks @loader_path/Frameworks";
				PRODUCT_NAME = "$(TARGET_NAME)";
				TEST_HOST = "$(BUNDLE_LOADER)";
			};
			name = Debug;
		};
		9F9E1F9F19885FEA009CE99B /* Release */ = {
			isa = XCBuildConfiguration;
			buildSettings = {
				BUNDLE_LOADER = "$(BUILT_PRODUCTS_DIR)/generateCpfCnpj.app/generateCpfCnpj";
				FRAMEWORK_SEARCH_PATHS = (
					"$(SDKROOT)/Developer/Library/Frameworks",
					"$(inherited)",
				);
				INFOPLIST_FILE = generateCpfCnpjTests/Info.plist;
				LD_RUNPATH_SEARCH_PATHS = "$(inherited) @executable_path/Frameworks @loader_path/Frameworks";
				PRODUCT_NAME = "$(TARGET_NAME)";
				TEST_HOST = "$(BUNDLE_LOADER)";
			};
			name = Release;
		};
/* End XCBuildConfiguration section */

/* Begin XCConfigurationList section */
		9F9E1F7919885FE9009CE99B /* Build configuration list for PBXProject "generateCpfCnpj" */ = {
			isa = XCConfigurationList;
			buildConfigurations = (
				9F9E1F9819885FEA009CE99B /* Debug */,
				9F9E1F9919885FEA009CE99B /* Release */,
			);
			defaultConfigurationIsVisible = 0;
			defaultConfigurationName = Release;
		};
		9F9E1F9A19885FEA009CE99B /* Build configuration list for PBXNativeTarget "generateCpfCnpj" */ = {
			isa = XCConfigurationList;
			buildConfigurations = (
				9F9E1F9B19885FEA009CE99B /* Debug */,
				9F9E1F9C19885FEA009CE99B /* Release */,
			);
			defaultConfigurationIsVisible = 0;
		};
		9F9E1F9D19885FEA009CE99B /* Build configuration list for PBXNativeTarget "generateCpfCnpjTests" */ = {
			isa = XCConfigurationList;
			buildConfigurations = (
				9F9E1F9E19885FEA009CE99B /* Debug */,
				9F9E1F9F19885FEA009CE99B /* Release */,
			);
			defaultConfigurationIsVisible = 0;
		};
/* End XCConfigurationList section */
	};
	rootObject = 9F9E1F7619885FE9009CE99B /* Project object */;
}
